
Microsoft Visual Studio Solution File, Format Version 12.00
# Visual Studio 15
VisualStudioVersion = 15.0.26730.16
MinimumVisualStudioVersion = 10.0.40219.1
Project("{FAE04EC0-301F-11D3-BF4B-00C04F79EFBC}") = "WSWebApp", "WSWebApp\WSWebApp.csproj", "{2F4BC99E-3D73-4356-BD58-C81A3D43E6DA}"
EndProject
Project("{E53339B2-1760-4266-BCC7-CA923CBCF16C}") = "docker-compose", "docker-compose.dcproj", "{2AB6A2A4-7385-4CFF-B61A-357BEA8C99A9}"
EndProject
Global
	GlobalSection(SolutionConfigurationPlatforms) = preSolution
		Debug|Any CPU = Debug|Any CPU
		Release|Any CPU = Release|Any CPU
	EndGlobalSection
	GlobalSection(ProjectConfigurationPlatforms) = postSolution
		{2F4BC99E-3D73-4356-BD58-C81A3D43E6DA}.Debug|Any CPU.ActiveCfg = Debug|Any CPU
		{2F4BC99E-3D73-4356-BD58-C81A3D43E6DA}.Debug|Any CPU.Build.0 = Debug|Any CPU
		{2F4BC99E-3D73-4356-BD58-C81A3D43E6DA}.Release|Any CPU.ActiveCfg = Release|Any CPU
		{2F4BC99E-3D73-4356-BD58-C81A3D43E6DA}.Release|Any CPU.Build.0 = Release|Any CPU
		{2AB6A2A4-7385-4CFF-B61A-357BEA8C99A9}.Debug|Any CPU.ActiveCfg = Debug|Any CPU
		{2AB6A2A4-7385-4CFF-B61A-357BEA8C99A9}.Debug|Any CPU.Build.0 = Debug|Any CPU
		{2AB6A2A4-7385-4CFF-B61A-357BEA8C99A9}.Release|Any CPU.ActiveCfg = Release|Any CPU
		{2AB6A2A4-7385-4CFF-B61A-357BEA8C99A9}.Release|Any CPU.Build.0 = Release|Any CPU
	EndGlobalSection
	GlobalSection(SolutionProperties) = preSolution
		HideSolutionNode = FALSE
	EndGlobalSection
	GlobalSection(ExtensibilityGlobals) = postSolution
		SolutionGuid = {6E06E35F-F67B-4D14-B791-70410E86ADB0}
	EndGlobalSection
EndGlobal
